
Microsoft Visual Studio Solution File, Format Version 12.00
# Visual Studio Version 17
VisualStudioVersion = 17.2.32616.157
MinimumVisualStudioVersion = 10.0.40219.1
Project("{FAE04EC0-301F-11D3-BF4B-00C04F79EFBC}") = "ByteBank_ADM", "ByteBank_ADM.csproj", "{614A1298-4625-40D7-BE2D-861D6B837206}"
EndProject
Global
	GlobalSection(SolutionConfigurationPlatforms) = preSolution
		Debug|Any CPU = Debug|Any CPU
		Release|Any CPU = Release|Any CPU
	EndGlobalSection
	GlobalSection(ProjectConfigurationPlatforms) = postSolution
		{614A1298-4625-40D7-BE2D-861D6B837206}.Debug|Any CPU.ActiveCfg = Debug|Any CPU
		{614A1298-4625-40D7-BE2D-861D6B837206}.Debug|Any CPU.Build.0 = Debug|Any CPU
		{614A1298-4625-40D7-BE2D-861D6B837206}.Release|Any CPU.ActiveCfg = Release|Any CPU
		{614A1298-4625-40D7-BE2D-861D6B837206}.Release|Any CPU.Build.0 = Release|Any CPU
	EndGlobalSection
	GlobalSection(SolutionProperties) = preSolution
		HideSolutionNode = FALSE
	EndGlobalSection
	GlobalSection(ExtensibilityGlobals) = postSolution
		SolutionGuid = {A8448E8B-EAB1-4AAE-9678-F1A6C1B47EC7}
	EndGlobalSection
EndGlobal
