
Microsoft Visual Studio Solution File, Format Version 12.00
# Visual Studio Version 17
VisualStudioVersion = 17.2.32616.157
MinimumVisualStudioVersion = 10.0.40219.1
Project("{FAE04EC0-301F-11D3-BF4B-00C04F79EFBC}") = "Projeto banco", "Projeto banco.csproj", "{D67EEF31-4E21-42A0-96E0-7C20F901AF6B}"
EndProject
Global
	GlobalSection(SolutionConfigurationPlatforms) = preSolution
		Debug|Any CPU = Debug|Any CPU
		Release|Any CPU = Release|Any CPU
	EndGlobalSection
	GlobalSection(ProjectConfigurationPlatforms) = postSolution
		{D67EEF31-4E21-42A0-96E0-7C20F901AF6B}.Debug|Any CPU.ActiveCfg = Debug|Any CPU
		{D67EEF31-4E21-42A0-96E0-7C20F901AF6B}.Debug|Any CPU.Build.0 = Debug|Any CPU
		{D67EEF31-4E21-42A0-96E0-7C20F901AF6B}.Release|Any CPU.ActiveCfg = Release|Any CPU
		{D67EEF31-4E21-42A0-96E0-7C20F901AF6B}.Release|Any CPU.Build.0 = Release|Any CPU
	EndGlobalSection
	GlobalSection(SolutionProperties) = preSolution
		HideSolutionNode = FALSE
	EndGlobalSection
	GlobalSection(ExtensibilityGlobals) = postSolution
		SolutionGuid = {7802664C-AD7D-4AA2-B5FA-E28AF9CD9979}
	EndGlobalSection
EndGlobal
